
Microsoft Visual Studio Solution File, Format Version 12.00
# Visual Studio Version 17
VisualStudioVersion = 17.1.32228.430
MinimumVisualStudioVersion = 10.0.40219.1
Project("{FAE04EC0-301F-11D3-BF4B-00C04F79EFBC}") = "alfaTestTask", "alfaTestTask\alfaTestTask.csproj", "{1C360BF7-6DC6-4B0C-B719-671FF7304559}"
EndProject
Global
	GlobalSection(SolutionConfigurationPlatforms) = preSolution
		Debug|Any CPU = Debug|Any CPU
		Release|Any CPU = Release|Any CPU
	EndGlobalSection
	GlobalSection(ProjectConfigurationPlatforms) = postSolution
		{1C360BF7-6DC6-4B0C-B719-671FF7304559}.Debug|Any CPU.ActiveCfg = Debug|Any CPU
		{1C360BF7-6DC6-4B0C-B719-671FF7304559}.Debug|Any CPU.Build.0 = Debug|Any CPU
		{1C360BF7-6DC6-4B0C-B719-671FF7304559}.Release|Any CPU.ActiveCfg = Release|Any CPU
		{1C360BF7-6DC6-4B0C-B719-671FF7304559}.Release|Any CPU.Build.0 = Release|Any CPU
	EndGlobalSection
	GlobalSection(SolutionProperties) = preSolution
		HideSolutionNode = FALSE
	EndGlobalSection
	GlobalSection(ExtensibilityGlobals) = postSolution
		SolutionGuid = {7118379D-05F5-4579-A4AE-59FAB689AAEC}
	EndGlobalSection
EndGlobal
